{
  "name": "codingteam.org.ru",
  "version": "0.7.4",
  "lockfileVersion": 1,
  "dependencies": {
    "balanced-match": {
      "version": "https://registry.npmjs.org/balanced-match/-/balanced-match-0.4.2.tgz",
      "integrity": "sha1-yz8+PHMtwPAe5wtAPzAuYddwmDg=",
      "dev": true
    },
    "brace-expansion": {
      "version": "https://registry.npmjs.org/brace-expansion/-/brace-expansion-1.1.6.tgz",
      "integrity": "sha1-cZfX6qm4fmSDkOph/GbIRCdCDfk=",
      "dev": true
    },
    "codingteam-logo": {
      "version": "git://github.com/codingteam/logo.git#be3900af8ace197afa6a62c0077e63ad087464f4",
      "dev": true
    },
    "concat-map": {
      "version": "https://registry.npmjs.org/concat-map/-/concat-map-0.0.1.tgz",
      "integrity": "sha1-2Klr13/Wjfd5OnMDajug1UBdR3s=",
      "dev": true
    },
    "copyfiles": {
      "version": "https://registry.npmjs.org/copyfiles/-/copyfiles-1.0.0.tgz",
      "integrity": "sha1-MXAmhx1TkOMqzQPsRYd1Jn6UvCo=",
      "dev": true
    },
    "core-util-is": {
      "version": "https://registry.npmjs.org/core-util-is/-/core-util-is-1.0.2.tgz",
      "integrity": "sha1-tf1UIgqivFq1eqtxQMlAdUUDwac=",
      "dev": true
    },
    "fs.realpath": {
      "version": "https://registry.npmjs.org/fs.realpath/-/fs.realpath-1.0.0.tgz",
      "integrity": "sha1-FQStJSMVjKpA20onh8sBQRmU6k8=",
      "dev": true
    },
    "glob": {
      "version": "https://registry.npmjs.org/glob/-/glob-7.1.1.tgz",
      "integrity": "sha1-gFIR3wT6rxxjo2ADBs31reULLsg=",
      "dev": true
    },
    "inflight": {
      "version": "https://registry.npmjs.org/inflight/-/inflight-1.0.6.tgz",
      "integrity": "sha1-Sb1jMdfQLQwJvJEKEHW6gWW1bfk=",
      "dev": true
    },
    "inherits": {
      "version": "https://registry.npmjs.org/inherits/-/inherits-2.0.3.tgz",
      "integrity": "sha1-Yzwsg+PaQqUC9SRmAiSA9CCCYd4=",
      "dev": true
    },
    "isarray": {
      "version": "https://registry.npmjs.org/isarray/-/isarray-0.0.1.tgz",
      "integrity": "sha1-ihis/Kmo9Bd+Cav8YDiTmwXR7t8=",
      "dev": true
    },
    "ltcdr": {
      "version": "https://registry.npmjs.org/ltcdr/-/ltcdr-2.2.1.tgz",
      "integrity": "sha1-Wrh60dTB2rjowIu/A37gwZAih88=",
      "dev": true
    },
    "minimatch": {
      "version": "https://registry.npmjs.org/minimatch/-/minimatch-3.0.3.tgz",
      "integrity": "sha1-Kk5AkLlrLbBqnX3wEFWmKnfJt3Q=",
      "dev": true
    },
    "minimist": {
      "version": "https://registry.npmjs.org/minimist/-/minimist-0.0.8.tgz",
      "integrity": "sha1-hX/Kv8M5fSYluCKCYuhqp6ARsF0=",
      "dev": true
    },
    "mkdirp": {
      "version": "https://registry.npmjs.org/mkdirp/-/mkdirp-0.5.1.tgz",
      "integrity": "sha1-MAV0OOrGz3+MR2fzhkjWaX11yQM=",
      "dev": true
    },
    "noms": {
      "version": "https://registry.npmjs.org/noms/-/noms-0.0.0.tgz",
      "integrity": "sha1-2o69nzr51nYJGbJ9nNyAkqczKFk=",
      "dev": true
    },
    "once": {
      "version": "https://registry.npmjs.org/once/-/once-1.4.0.tgz",
      "integrity": "sha1-WDsap3WWHUsROsF9nFC6753Xa9E=",
      "dev": true
    },
    "path-is-absolute": {
      "version": "https://registry.npmjs.org/path-is-absolute/-/path-is-absolute-1.0.1.tgz",
      "integrity": "sha1-F0uSaHNVNP+8es5r9TpanhtcX18=",
      "dev": true
    },
    "process-nextick-args": {
      "version": "https://registry.npmjs.org/process-nextick-args/-/process-nextick-args-1.0.7.tgz",
      "integrity": "sha1-FQ4gt1ZZCtP5EJPyWk8q2L/zC6M=",
      "dev": true
    },
    "readable-stream": {
      "version": "https://registry.npmjs.org/readable-stream/-/readable-stream-1.0.34.tgz",
      "integrity": "sha1-Elgg40vIQtLyqq+v5MKRbuMsFXw=",
      "dev": true
    },
    "string_decoder": {
      "version": "https://registry.npmjs.org/string_decoder/-/string_decoder-0.10.31.tgz",
      "integrity": "sha1-YuIDvEF2bGwoyfyEMB2rHFMQ+pQ=",
      "dev": true
    },
    "through2": {
      "version": "https://registry.npmjs.org/through2/-/through2-2.0.1.tgz",
      "integrity": "sha1-OE51MU1J8y3hLuu4E2uOtrXVnak=",
      "dev": true,
      "dependencies": {
        "isarray": {
          "version": "https://registry.npmjs.org/isarray/-/isarray-1.0.0.tgz",
          "integrity": "sha1-u5NdSFgsuhaMBoNJV6VKPgcSTxE=",
          "dev": true
        },
        "readable-stream": {
          "version": "https://registry.npmjs.org/readable-stream/-/readable-stream-2.0.6.tgz",
          "integrity": "sha1-j5A0HmilPMySh4jaz80Rs265t44=",
          "dev": true
        }
      }
    },
    "util-deprecate": {
      "version": "https://registry.npmjs.org/util-deprecate/-/util-deprecate-1.0.2.tgz",
      "integrity": "sha1-RQ1Nyfpw3nMnYvvS1KKJgUGaDM8=",
      "dev": true
    },
    "wrappy": {
      "version": "https://registry.npmjs.org/wrappy/-/wrappy-1.0.2.tgz",
      "integrity": "sha1-tSQ9jz7BqjXxNkYFvA0QNuMKtp8=",
      "dev": true
    },
    "xtend": {
      "version": "https://registry.npmjs.org/xtend/-/xtend-4.0.1.tgz",
      "integrity": "sha1-pcbVMr5lbiPbgg77lDofBJmNY68=",
      "dev": true
    }
  }
}
